
Microsoft Visual Studio Solution File, Format Version 12.00
# Visual Studio Version 16
VisualStudioVersion = 16.0.31205.134
MinimumVisualStudioVersion = 10.0.40219.1
Project("{FAE04EC0-301F-11D3-BF4B-00C04F79EFBC}") = "WpfLogIn", "WpfLogIn\WpfLogIn.csproj", "{2569B5D7-813E-4298-99E5-69F944459E9B}"
EndProject
Global
	GlobalSection(SolutionConfigurationPlatforms) = preSolution
		Debug|Any CPU = Debug|Any CPU
		Release|Any CPU = Release|Any CPU
	EndGlobalSection
	GlobalSection(ProjectConfigurationPlatforms) = postSolution
		{2569B5D7-813E-4298-99E5-69F944459E9B}.Debug|Any CPU.ActiveCfg = Debug|Any CPU
		{2569B5D7-813E-4298-99E5-69F944459E9B}.Debug|Any CPU.Build.0 = Debug|Any CPU
		{2569B5D7-813E-4298-99E5-69F944459E9B}.Release|Any CPU.ActiveCfg = Release|Any CPU
		{2569B5D7-813E-4298-99E5-69F944459E9B}.Release|Any CPU.Build.0 = Release|Any CPU
	EndGlobalSection
	GlobalSection(SolutionProperties) = preSolution
		HideSolutionNode = FALSE
	EndGlobalSection
	GlobalSection(ExtensibilityGlobals) = postSolution
		SolutionGuid = {849E454E-81C6-4830-9884-AF470E35F077}
	EndGlobalSection
EndGlobal
